
Microsoft Visual Studio Solution File, Format Version 12.00
# Visual Studio 15
Project("{FAE04EC0-301F-11D3-BF4B-00C04F79EFBC}") = "UnityEngine.UI", "UnityEngine.UI.csproj", "{69514E5B-A644-A592-091A-447061E343A1}"
EndProject
Project("{FAE04EC0-301F-11D3-BF4B-00C04F79EFBC}") = "UnityEngine.TestRunner", "UnityEngine.TestRunner.csproj", "{00BF330E-AC53-068D-BBDD-31AE9BE22179}"
EndProject
Project("{FAE04EC0-301F-11D3-BF4B-00C04F79EFBC}") = "Unity.Mathematics", "Unity.Mathematics.csproj", "{2E84C1DA-1B43-3373-B6AD-50E0777B7D13}"
EndProject
Project("{FAE04EC0-301F-11D3-BF4B-00C04F79EFBC}") = "Unity.2D.Animation.Triangle.Runtime", "Unity.2D.Animation.Triangle.Runtime.csproj", "{6F280BA2-FFC5-5FC2-0828-105BAA1BD472}"
EndProject
Project("{FAE04EC0-301F-11D3-BF4B-00C04F79EFBC}") = "Unity.Timeline", "Unity.Timeline.csproj", "{A0152582-C5DC-1F8A-47CB-38070EB93EF1}"
EndProject
Project("{FAE04EC0-301F-11D3-BF4B-00C04F79EFBC}") = "Unity.TextMeshPro", "Unity.TextMeshPro.csproj", "{064E9D79-C724-271E-54AD-E69C8CDE87EF}"
EndProject
Project("{FAE04EC0-301F-11D3-BF4B-00C04F79EFBC}") = "Unity.2D.Animation.Runtime", "Unity.2D.Animation.Runtime.csproj", "{D7452D1C-FB80-74CD-4BE1-93125940BFA6}"
EndProject
Project("{FAE04EC0-301F-11D3-BF4B-00C04F79EFBC}") = "Unity.2D.IK.Runtime", "Unity.2D.IK.Runtime.csproj", "{52DAD7CD-BF4A-CE67-ADEB-0E5EAF4C0373}"
EndProject
Project("{FAE04EC0-301F-11D3-BF4B-00C04F79EFBC}") = "Unity.2D.SpriteShape.Runtime", "Unity.2D.SpriteShape.Runtime.csproj", "{61C370A6-5177-B879-814A-DD5A24DC4CED}"
EndProject
Project("{FAE04EC0-301F-11D3-BF4B-00C04F79EFBC}") = "Unity.2D.PixelPerfect", "Unity.2D.PixelPerfect.csproj", "{CA6E1069-832E-41D4-9A8F-3D52B42BF8B6}"
EndProject
Project("{FAE04EC0-301F-11D3-BF4B-00C04F79EFBC}") = "Unity.2D.Common.Runtime", "Unity.2D.Common.Runtime.csproj", "{99FA257F-5152-A4C7-6C16-326D1FFF46AA}"
EndProject
Project("{FAE04EC0-301F-11D3-BF4B-00C04F79EFBC}") = "Unity.InternalAPIEngineBridge.001", "Unity.InternalAPIEngineBridge.001.csproj", "{FA0D17C0-0FB8-F50D-BE8E-39A5EA416BE3}"
EndProject
Project("{FAE04EC0-301F-11D3-BF4B-00C04F79EFBC}") = "UnityEditor.TestRunner", "UnityEditor.TestRunner.csproj", "{525FFD4E-1ED9-5554-8F12-DB5D9903F343}"
EndProject
Project("{FAE04EC0-301F-11D3-BF4B-00C04F79EFBC}") = "Unity.PlasticSCM.Editor", "Unity.PlasticSCM.Editor.csproj", "{08F513BC-D8D9-0A0F-0428-F4A281CE4C6B}"
EndProject
Project("{FAE04EC0-301F-11D3-BF4B-00C04F79EFBC}") = "UnityEditor.UI", "UnityEditor.UI.csproj", "{1E9438F7-EAFE-0D65-04FA-F477DE359CBF}"
EndProject
Project("{FAE04EC0-301F-11D3-BF4B-00C04F79EFBC}") = "Unity.Services.Core.Editor", "Unity.Services.Core.Editor.csproj", "{1EFAABD7-9B00-05CF-5725-4307C64CE68B}"
EndProject
Project("{FAE04EC0-301F-11D3-BF4B-00C04F79EFBC}") = "Unity.Timeline.Editor", "Unity.Timeline.Editor.csproj", "{97FD0F13-B687-6E52-A619-DE60F0FC2344}"
EndProject
Project("{FAE04EC0-301F-11D3-BF4B-00C04F79EFBC}") = "Unity.VisualStudio.Editor", "Unity.VisualStudio.Editor.csproj", "{D6606C5F-495D-514A-477F-57B2870F28E6}"
EndProject
Project("{FAE04EC0-301F-11D3-BF4B-00C04F79EFBC}") = "Unity.2D.Psdimporter.Editor", "Unity.2D.Psdimporter.Editor.csproj", "{56473C9C-E77C-8407-31B9-566E2FA6127E}"
EndProject
Project("{FAE04EC0-301F-11D3-BF4B-00C04F79EFBC}") = "Unity.2D.Animation.Editor", "Unity.2D.Animation.Editor.csproj", "{70423340-9E83-9F55-B4C3-0883BBFC939D}"
EndProject
Project("{FAE04EC0-301F-11D3-BF4B-00C04F79EFBC}") = "Unity.TextMeshPro.Editor", "Unity.TextMeshPro.Editor.csproj", "{5ADF23C8-10C7-87A2-AD4A-F4C95D5182C8}"
EndProject
Project("{FAE04EC0-301F-11D3-BF4B-00C04F79EFBC}") = "Unity.2D.SpriteShape.Editor", "Unity.2D.SpriteShape.Editor.csproj", "{FC288473-3DC9-30F1-43B7-AF6E841416CA}"
EndProject
Project("{FAE04EC0-301F-11D3-BF4B-00C04F79EFBC}") = "Unity.CollabProxy.Editor", "Unity.CollabProxy.Editor.csproj", "{671CA1BA-26C6-583B-F252-29024DB466F1}"
EndProject
Project("{FAE04EC0-301F-11D3-BF4B-00C04F79EFBC}") = "PsdPlugin", "PsdPlugin.csproj", "{73792F2E-28C8-EB39-297D-680BBE786836}"
EndProject
Project("{FAE04EC0-301F-11D3-BF4B-00C04F79EFBC}") = "Unity.2D.Path.Editor", "Unity.2D.Path.Editor.csproj", "{06359334-48E4-894A-0072-5AF4E12184D4}"
EndProject
Project("{FAE04EC0-301F-11D3-BF4B-00C04F79EFBC}") = "Unity.Rider.Editor", "Unity.Rider.Editor.csproj", "{2F7103F1-8158-E8DB-7C6B-6AAB0F6D0231}"
EndProject
Project("{FAE04EC0-301F-11D3-BF4B-00C04F79EFBC}") = "Unity.2D.IK.Editor", "Unity.2D.IK.Editor.csproj", "{0F3E8B1D-7003-EA54-BEC4-191052ACEDFA}"
EndProject
Project("{FAE04EC0-301F-11D3-BF4B-00C04F79EFBC}") = "Unity.2D.Sprite.Editor", "Unity.2D.Sprite.Editor.csproj", "{E986B1E2-8959-75A0-612A-B4A8A25BA881}"
EndProject
Project("{FAE04EC0-301F-11D3-BF4B-00C04F79EFBC}") = "Unity.2D.Tilemap.Editor", "Unity.2D.Tilemap.Editor.csproj", "{EB522CD7-D471-309E-E93B-20D6470F5808}"
EndProject
Project("{FAE04EC0-301F-11D3-BF4B-00C04F79EFBC}") = "Unity.2D.PixelPerfect.Editor", "Unity.2D.PixelPerfect.Editor.csproj", "{1E7F5B83-0CC2-0D87-E8F5-F27F3F4F8383}"
EndProject
Project("{FAE04EC0-301F-11D3-BF4B-00C04F79EFBC}") = "Unity.VSCode.Editor", "Unity.VSCode.Editor.csproj", "{24E861AD-1C1C-041A-4999-D2AB70C2EE54}"
EndProject
Project("{FAE04EC0-301F-11D3-BF4B-00C04F79EFBC}") = "Unity.2D.Common.Editor", "Unity.2D.Common.Editor.csproj", "{69594622-64E7-0888-028E-40AA1D25FA8E}"
EndProject
Project("{FAE04EC0-301F-11D3-BF4B-00C04F79EFBC}") = "Unity.Mathematics.Editor", "Unity.Mathematics.Editor.csproj", "{3E7D8F5A-0CDA-C76D-0D50-DCCB109C927E}"
EndProject
Project("{FAE04EC0-301F-11D3-BF4B-00C04F79EFBC}") = "Unity.InternalAPIEditorBridge.001", "Unity.InternalAPIEditorBridge.001.csproj", "{A2E7255C-B67E-44A5-B628-9ED5AFA73463}"
EndProject
Project("{FAE04EC0-301F-11D3-BF4B-00C04F79EFBC}") = "UnityEngine.UI", "UnityEngine.UI.Player.csproj", "{53E8EC83-0165-10D8-87D2-A9F974416814}"
EndProject
Project("{FAE04EC0-301F-11D3-BF4B-00C04F79EFBC}") = "UnityEngine.TestRunner", "UnityEngine.TestRunner.Player.csproj", "{1DEDFE3F-9A01-8710-2BC6-9DD4850011CD}"
EndProject
Project("{FAE04EC0-301F-11D3-BF4B-00C04F79EFBC}") = "Unity.Mathematics", "Unity.Mathematics.Player.csproj", "{91D5CC80-698A-5242-B8CE-0B994D64AE0D}"
EndProject
Project("{FAE04EC0-301F-11D3-BF4B-00C04F79EFBC}") = "Unity.2D.Animation.Triangle.Runtime", "Unity.2D.Animation.Triangle.Runtime.Player.csproj", "{06303C3F-22C0-01C8-1938-CB97566A92A5}"
EndProject
Project("{FAE04EC0-301F-11D3-BF4B-00C04F79EFBC}") = "Unity.Timeline", "Unity.Timeline.Player.csproj", "{EF060EDC-8911-90C1-6F13-6B84B10B3247}"
EndProject
Project("{FAE04EC0-301F-11D3-BF4B-00C04F79EFBC}") = "Unity.TextMeshPro", "Unity.TextMeshPro.Player.csproj", "{4B6E2BCC-27A4-67D7-E041-E17B6A77F770}"
EndProject
Project("{FAE04EC0-301F-11D3-BF4B-00C04F79EFBC}") = "Unity.2D.Animation.Runtime", "Unity.2D.Animation.Runtime.Player.csproj", "{96932CF8-E79A-69EC-8BC4-3204A8F63C05}"
EndProject
Project("{FAE04EC0-301F-11D3-BF4B-00C04F79EFBC}") = "Unity.2D.IK.Runtime", "Unity.2D.IK.Runtime.Player.csproj", "{EC3675E4-5EBB-4266-E2C5-E699AE82D40D}"
EndProject
Project("{FAE04EC0-301F-11D3-BF4B-00C04F79EFBC}") = "Unity.2D.SpriteShape.Runtime", "Unity.2D.SpriteShape.Runtime.Player.csproj", "{77EB2C79-4C8C-30F1-6A43-D2F2E63E72A3}"
EndProject
Project("{FAE04EC0-301F-11D3-BF4B-00C04F79EFBC}") = "Unity.2D.PixelPerfect", "Unity.2D.PixelPerfect.Player.csproj", "{E7F8A451-54D7-81DB-3A38-CCA802CD654C}"
EndProject
Project("{FAE04EC0-301F-11D3-BF4B-00C04F79EFBC}") = "Unity.2D.Common.Runtime", "Unity.2D.Common.Runtime.Player.csproj", "{A3B46301-F056-743E-914F-6263A44E0EAE}"
EndProject
Project("{FAE04EC0-301F-11D3-BF4B-00C04F79EFBC}") = "Unity.InternalAPIEngineBridge.001", "Unity.InternalAPIEngineBridge.001.Player.csproj", "{A72EB84B-98A8-BDA9-2CC5-26BCF2333BF5}"
EndProject
Global
	GlobalSection(SolutionConfigurationPlatforms) = preSolution
		Debug|Any CPU = Debug|Any CPU
		Release|Any CPU = Release|Any CPU
	EndGlobalSection
	GlobalSection(ProjectConfigurationPlatforms) = postSolution
		{69514E5B-A644-A592-091A-447061E343A1}.Debug|Any CPU.ActiveCfg = Debug|Any CPU
		{69514E5B-A644-A592-091A-447061E343A1}.Debug|Any CPU.Build.0 = Debug|Any CPU
		{69514E5B-A644-A592-091A-447061E343A1}.Release|Any CPU.ActiveCfg = Release|Any CPU
		{69514E5B-A644-A592-091A-447061E343A1}.Release|Any CPU.Build.0 = Release|Any CPU
		{00BF330E-AC53-068D-BBDD-31AE9BE22179}.Debug|Any CPU.ActiveCfg = Debug|Any CPU
		{00BF330E-AC53-068D-BBDD-31AE9BE22179}.Debug|Any CPU.Build.0 = Debug|Any CPU
		{00BF330E-AC53-068D-BBDD-31AE9BE22179}.Release|Any CPU.ActiveCfg = Release|Any CPU
		{00BF330E-AC53-068D-BBDD-31AE9BE22179}.Release|Any CPU.Build.0 = Release|Any CPU
		{2E84C1DA-1B43-3373-B6AD-50E0777B7D13}.Debug|Any CPU.ActiveCfg = Debug|Any CPU
		{2E84C1DA-1B43-3373-B6AD-50E0777B7D13}.Debug|Any CPU.Build.0 = Debug|Any CPU
		{2E84C1DA-1B43-3373-B6AD-50E0777B7D13}.Release|Any CPU.ActiveCfg = Release|Any CPU
		{2E84C1DA-1B43-3373-B6AD-50E0777B7D13}.Release|Any CPU.Build.0 = Release|Any CPU
		{6F280BA2-FFC5-5FC2-0828-105BAA1BD472}.Debug|Any CPU.ActiveCfg = Debug|Any CPU
		{6F280BA2-FFC5-5FC2-0828-105BAA1BD472}.Debug|Any CPU.Build.0 = Debug|Any CPU
		{6F280BA2-FFC5-5FC2-0828-105BAA1BD472}.Release|Any CPU.ActiveCfg = Release|Any CPU
		{6F280BA2-FFC5-5FC2-0828-105BAA1BD472}.Release|Any CPU.Build.0 = Release|Any CPU
		{A0152582-C5DC-1F8A-47CB-38070EB93EF1}.Debug|Any CPU.ActiveCfg = Debug|Any CPU
		{A0152582-C5DC-1F8A-47CB-38070EB93EF1}.Debug|Any CPU.Build.0 = Debug|Any CPU
		{A0152582-C5DC-1F8A-47CB-38070EB93EF1}.Release|Any CPU.ActiveCfg = Release|Any CPU
		{A0152582-C5DC-1F8A-47CB-38070EB93EF1}.Release|Any CPU.Build.0 = Release|Any CPU
		{064E9D79-C724-271E-54AD-E69C8CDE87EF}.Debug|Any CPU.ActiveCfg = Debug|Any CPU
		{064E9D79-C724-271E-54AD-E69C8CDE87EF}.Debug|Any CPU.Build.0 = Debug|Any CPU
		{064E9D79-C724-271E-54AD-E69C8CDE87EF}.Release|Any CPU.ActiveCfg = Release|Any CPU
		{064E9D79-C724-271E-54AD-E69C8CDE87EF}.Release|Any CPU.Build.0 = Release|Any CPU
		{D7452D1C-FB80-74CD-4BE1-93125940BFA6}.Debug|Any CPU.ActiveCfg = Debug|Any CPU
		{D7452D1C-FB80-74CD-4BE1-93125940BFA6}.Debug|Any CPU.Build.0 = Debug|Any CPU
		{D7452D1C-FB80-74CD-4BE1-93125940BFA6}.Release|Any CPU.ActiveCfg = Release|Any CPU
		{D7452D1C-FB80-74CD-4BE1-93125940BFA6}.Release|Any CPU.Build.0 = Release|Any CPU
		{52DAD7CD-BF4A-CE67-ADEB-0E5EAF4C0373}.Debug|Any CPU.ActiveCfg = Debug|Any CPU
		{52DAD7CD-BF4A-CE67-ADEB-0E5EAF4C0373}.Debug|Any CPU.Build.0 = Debug|Any CPU
		{52DAD7CD-BF4A-CE67-ADEB-0E5EAF4C0373}.Release|Any CPU.ActiveCfg = Release|Any CPU
		{52DAD7CD-BF4A-CE67-ADEB-0E5EAF4C0373}.Release|Any CPU.Build.0 = Release|Any CPU
		{61C370A6-5177-B879-814A-DD5A24DC4CED}.Debug|Any CPU.ActiveCfg = Debug|Any CPU
		{61C370A6-5177-B879-814A-DD5A24DC4CED}.Debug|Any CPU.Build.0 = Debug|Any CPU
		{61C370A6-5177-B879-814A-DD5A24DC4CED}.Release|Any CPU.ActiveCfg = Release|Any CPU
		{61C370A6-5177-B879-814A-DD5A24DC4CED}.Release|Any CPU.Build.0 = Release|Any CPU
		{CA6E1069-832E-41D4-9A8F-3D52B42BF8B6}.Debug|Any CPU.ActiveCfg = Debug|Any CPU
		{CA6E1069-832E-41D4-9A8F-3D52B42BF8B6}.Debug|Any CPU.Build.0 = Debug|Any CPU
		{CA6E1069-832E-41D4-9A8F-3D52B42BF8B6}.Release|Any CPU.ActiveCfg = Release|Any CPU
		{CA6E1069-832E-41D4-9A8F-3D52B42BF8B6}.Release|Any CPU.Build.0 = Release|Any CPU
		{99FA257F-5152-A4C7-6C16-326D1FFF46AA}.Debug|Any CPU.ActiveCfg = Debug|Any CPU
		{99FA257F-5152-A4C7-6C16-326D1FFF46AA}.Debug|Any CPU.Build.0 = Debug|Any CPU
		{99FA257F-5152-A4C7-6C16-326D1FFF46AA}.Release|Any CPU.ActiveCfg = Release|Any CPU
		{99FA257F-5152-A4C7-6C16-326D1FFF46AA}.Release|Any CPU.Build.0 = Release|Any CPU
		{FA0D17C0-0FB8-F50D-BE8E-39A5EA416BE3}.Debug|Any CPU.ActiveCfg = Debug|Any CPU
		{FA0D17C0-0FB8-F50D-BE8E-39A5EA416BE3}.Debug|Any CPU.Build.0 = Debug|Any CPU
		{FA0D17C0-0FB8-F50D-BE8E-39A5EA416BE3}.Release|Any CPU.ActiveCfg = Release|Any CPU
		{FA0D17C0-0FB8-F50D-BE8E-39A5EA416BE3}.Release|Any CPU.Build.0 = Release|Any CPU
		{525FFD4E-1ED9-5554-8F12-DB5D9903F343}.Debug|Any CPU.ActiveCfg = Debug|Any CPU
		{525FFD4E-1ED9-5554-8F12-DB5D9903F343}.Debug|Any CPU.Build.0 = Debug|Any CPU
		{525FFD4E-1ED9-5554-8F12-DB5D9903F343}.Release|Any CPU.ActiveCfg = Release|Any CPU
		{525FFD4E-1ED9-5554-8F12-DB5D9903F343}.Release|Any CPU.Build.0 = Release|Any CPU
		{08F513BC-D8D9-0A0F-0428-F4A281CE4C6B}.Debug|Any CPU.ActiveCfg = Debug|Any CPU
		{08F513BC-D8D9-0A0F-0428-F4A281CE4C6B}.Debug|Any CPU.Build.0 = Debug|Any CPU
		{08F513BC-D8D9-0A0F-0428-F4A281CE4C6B}.Release|Any CPU.ActiveCfg = Release|Any CPU
		{08F513BC-D8D9-0A0F-0428-F4A281CE4C6B}.Release|Any CPU.Build.0 = Release|Any CPU
		{1E9438F7-EAFE-0D65-04FA-F477DE359CBF}.Debug|Any CPU.ActiveCfg = Debug|Any CPU
		{1E9438F7-EAFE-0D65-04FA-F477DE359CBF}.Debug|Any CPU.Build.0 = Debug|Any CPU
		{1E9438F7-EAFE-0D65-04FA-F477DE359CBF}.Release|Any CPU.ActiveCfg = Release|Any CPU
		{1E9438F7-EAFE-0D65-04FA-F477DE359CBF}.Release|Any CPU.Build.0 = Release|Any CPU
		{1EFAABD7-9B00-05CF-5725-4307C64CE68B}.Debug|Any CPU.ActiveCfg = Debug|Any CPU
		{1EFAABD7-9B00-05CF-5725-4307C64CE68B}.Debug|Any CPU.Build.0 = Debug|Any CPU
		{1EFAABD7-9B00-05CF-5725-4307C64CE68B}.Release|Any CPU.ActiveCfg = Release|Any CPU
		{1EFAABD7-9B00-05CF-5725-4307C64CE68B}.Release|Any CPU.Build.0 = Release|Any CPU
		{97FD0F13-B687-6E52-A619-DE60F0FC2344}.Debug|Any CPU.ActiveCfg = Debug|Any CPU
		{97FD0F13-B687-6E52-A619-DE60F0FC2344}.Debug|Any CPU.Build.0 = Debug|Any CPU
		{97FD0F13-B687-6E52-A619-DE60F0FC2344}.Release|Any CPU.ActiveCfg = Release|Any CPU
		{97FD0F13-B687-6E52-A619-DE60F0FC2344}.Release|Any CPU.Build.0 = Release|Any CPU
		{D6606C5F-495D-514A-477F-57B2870F28E6}.Debug|Any CPU.ActiveCfg = Debug|Any CPU
		{D6606C5F-495D-514A-477F-57B2870F28E6}.Debug|Any CPU.Build.0 = Debug|Any CPU
		{D6606C5F-495D-514A-477F-57B2870F28E6}.Release|Any CPU.ActiveCfg = Release|Any CPU
		{D6606C5F-495D-514A-477F-57B2870F28E6}.Release|Any CPU.Build.0 = Release|Any CPU
		{56473C9C-E77C-8407-31B9-566E2FA6127E}.Debug|Any CPU.ActiveCfg = Debug|Any CPU
		{56473C9C-E77C-8407-31B9-566E2FA6127E}.Debug|Any CPU.Build.0 = Debug|Any CPU
		{56473C9C-E77C-8407-31B9-566E2FA6127E}.Release|Any CPU.ActiveCfg = Release|Any CPU
		{56473C9C-E77C-8407-31B9-566E2FA6127E}.Release|Any CPU.Build.0 = Release|Any CPU
		{70423340-9E83-9F55-B4C3-0883BBFC939D}.Debug|Any CPU.ActiveCfg = Debug|Any CPU
		{70423340-9E83-9F55-B4C3-0883BBFC939D}.Debug|Any CPU.Build.0 = Debug|Any CPU
		{70423340-9E83-9F55-B4C3-0883BBFC939D}.Release|Any CPU.ActiveCfg = Release|Any CPU
		{70423340-9E83-9F55-B4C3-0883BBFC939D}.Release|Any CPU.Build.0 = Release|Any CPU
		{5ADF23C8-10C7-87A2-AD4A-F4C95D5182C8}.Debug|Any CPU.ActiveCfg = Debug|Any CPU
		{5ADF23C8-10C7-87A2-AD4A-F4C95D5182C8}.Debug|Any CPU.Build.0 = Debug|Any CPU
		{5ADF23C8-10C7-87A2-AD4A-F4C95D5182C8}.Release|Any CPU.ActiveCfg = Release|Any CPU
		{5ADF23C8-10C7-87A2-AD4A-F4C95D5182C8}.Release|Any CPU.Build.0 = Release|Any CPU
		{FC288473-3DC9-30F1-43B7-AF6E841416CA}.Debug|Any CPU.ActiveCfg = Debug|Any CPU
		{FC288473-3DC9-30F1-43B7-AF6E841416CA}.Debug|Any CPU.Build.0 = Debug|Any CPU
		{FC288473-3DC9-30F1-43B7-AF6E841416CA}.Release|Any CPU.ActiveCfg = Release|Any CPU
		{FC288473-3DC9-30F1-43B7-AF6E841416CA}.Release|Any CPU.Build.0 = Release|Any CPU
		{671CA1BA-26C6-583B-F252-29024DB466F1}.Debug|Any CPU.ActiveCfg = Debug|Any CPU
		{671CA1BA-26C6-583B-F252-29024DB466F1}.Debug|Any CPU.Build.0 = Debug|Any CPU
		{671CA1BA-26C6-583B-F252-29024DB466F1}.Release|Any CPU.ActiveCfg = Release|Any CPU
		{671CA1BA-26C6-583B-F252-29024DB466F1}.Release|Any CPU.Build.0 = Release|Any CPU
		{73792F2E-28C8-EB39-297D-680BBE786836}.Debug|Any CPU.ActiveCfg = Debug|Any CPU
		{73792F2E-28C8-EB39-297D-680BBE786836}.Debug|Any CPU.Build.0 = Debug|Any CPU
		{73792F2E-28C8-EB39-297D-680BBE786836}.Release|Any CPU.ActiveCfg = Release|Any CPU
		{73792F2E-28C8-EB39-297D-680BBE786836}.Release|Any CPU.Build.0 = Release|Any CPU
		{06359334-48E4-894A-0072-5AF4E12184D4}.Debug|Any CPU.ActiveCfg = Debug|Any CPU
		{06359334-48E4-894A-0072-5AF4E12184D4}.Debug|Any CPU.Build.0 = Debug|Any CPU
		{06359334-48E4-894A-0072-5AF4E12184D4}.Release|Any CPU.ActiveCfg = Release|Any CPU
		{06359334-48E4-894A-0072-5AF4E12184D4}.Release|Any CPU.Build.0 = Release|Any CPU
		{2F7103F1-8158-E8DB-7C6B-6AAB0F6D0231}.Debug|Any CPU.ActiveCfg = Debug|Any CPU
		{2F7103F1-8158-E8DB-7C6B-6AAB0F6D0231}.Debug|Any CPU.Build.0 = Debug|Any CPU
		{2F7103F1-8158-E8DB-7C6B-6AAB0F6D0231}.Release|Any CPU.ActiveCfg = Release|Any CPU
		{2F7103F1-8158-E8DB-7C6B-6AAB0F6D0231}.Release|Any CPU.Build.0 = Release|Any CPU
		{0F3E8B1D-7003-EA54-BEC4-191052ACEDFA}.Debug|Any CPU.ActiveCfg = Debug|Any CPU
		{0F3E8B1D-7003-EA54-BEC4-191052ACEDFA}.Debug|Any CPU.Build.0 = Debug|Any CPU
		{0F3E8B1D-7003-EA54-BEC4-191052ACEDFA}.Release|Any CPU.ActiveCfg = Release|Any CPU
		{0F3E8B1D-7003-EA54-BEC4-191052ACEDFA}.Release|Any CPU.Build.0 = Release|Any CPU
		{E986B1E2-8959-75A0-612A-B4A8A25BA881}.Debug|Any CPU.ActiveCfg = Debug|Any CPU
		{E986B1E2-8959-75A0-612A-B4A8A25BA881}.Debug|Any CPU.Build.0 = Debug|Any CPU
		{E986B1E2-8959-75A0-612A-B4A8A25BA881}.Release|Any CPU.ActiveCfg = Release|Any CPU
		{E986B1E2-8959-75A0-612A-B4A8A25BA881}.Release|Any CPU.Build.0 = Release|Any CPU
		{EB522CD7-D471-309E-E93B-20D6470F5808}.Debug|Any CPU.ActiveCfg = Debug|Any CPU
		{EB522CD7-D471-309E-E93B-20D6470F5808}.Debug|Any CPU.Build.0 = Debug|Any CPU
		{EB522CD7-D471-309E-E93B-20D6470F5808}.Release|Any CPU.ActiveCfg = Release|Any CPU
		{EB522CD7-D471-309E-E93B-20D6470F5808}.Release|Any CPU.Build.0 = Release|Any CPU
		{1E7F5B83-0CC2-0D87-E8F5-F27F3F4F8383}.Debug|Any CPU.ActiveCfg = Debug|Any CPU
		{1E7F5B83-0CC2-0D87-E8F5-F27F3F4F8383}.Debug|Any CPU.Build.0 = Debug|Any CPU
		{1E7F5B83-0CC2-0D87-E8F5-F27F3F4F8383}.Release|Any CPU.ActiveCfg = Release|Any CPU
		{1E7F5B83-0CC2-0D87-E8F5-F27F3F4F8383}.Release|Any CPU.Build.0 = Release|Any CPU
		{24E861AD-1C1C-041A-4999-D2AB70C2EE54}.Debug|Any CPU.ActiveCfg = Debug|Any CPU
		{24E861AD-1C1C-041A-4999-D2AB70C2EE54}.Debug|Any CPU.Build.0 = Debug|Any CPU
		{24E861AD-1C1C-041A-4999-D2AB70C2EE54}.Release|Any CPU.ActiveCfg = Release|Any CPU
		{24E861AD-1C1C-041A-4999-D2AB70C2EE54}.Release|Any CPU.Build.0 = Release|Any CPU
		{69594622-64E7-0888-028E-40AA1D25FA8E}.Debug|Any CPU.ActiveCfg = Debug|Any CPU
		{69594622-64E7-0888-028E-40AA1D25FA8E}.Debug|Any CPU.Build.0 = Debug|Any CPU
		{69594622-64E7-0888-028E-40AA1D25FA8E}.Release|Any CPU.ActiveCfg = Release|Any CPU
		{69594622-64E7-0888-028E-40AA1D25FA8E}.Release|Any CPU.Build.0 = Release|Any CPU
		{3E7D8F5A-0CDA-C76D-0D50-DCCB109C927E}.Debug|Any CPU.ActiveCfg = Debug|Any CPU
		{3E7D8F5A-0CDA-C76D-0D50-DCCB109C927E}.Debug|Any CPU.Build.0 = Debug|Any CPU
		{3E7D8F5A-0CDA-C76D-0D50-DCCB109C927E}.Release|Any CPU.ActiveCfg = Release|Any CPU
		{3E7D8F5A-0CDA-C76D-0D50-DCCB109C927E}.Release|Any CPU.Build.0 = Release|Any CPU
		{A2E7255C-B67E-44A5-B628-9ED5AFA73463}.Debug|Any CPU.ActiveCfg = Debug|Any CPU
		{A2E7255C-B67E-44A5-B628-9ED5AFA73463}.Debug|Any CPU.Build.0 = Debug|Any CPU
		{A2E7255C-B67E-44A5-B628-9ED5AFA73463}.Release|Any CPU.ActiveCfg = Release|Any CPU
		{A2E7255C-B67E-44A5-B628-9ED5AFA73463}.Release|Any CPU.Build.0 = Release|Any CPU
		{53E8EC83-0165-10D8-87D2-A9F974416814}.Debug|Any CPU.ActiveCfg = Debug|Any CPU
		{53E8EC83-0165-10D8-87D2-A9F974416814}.Debug|Any CPU.Build.0 = Debug|Any CPU
		{53E8EC83-0165-10D8-87D2-A9F974416814}.Release|Any CPU.ActiveCfg = Release|Any CPU
		{53E8EC83-0165-10D8-87D2-A9F974416814}.Release|Any CPU.Build.0 = Release|Any CPU
		{1DEDFE3F-9A01-8710-2BC6-9DD4850011CD}.Debug|Any CPU.ActiveCfg = Debug|Any CPU
		{1DEDFE3F-9A01-8710-2BC6-9DD4850011CD}.Debug|Any CPU.Build.0 = Debug|Any CPU
		{1DEDFE3F-9A01-8710-2BC6-9DD4850011CD}.Release|Any CPU.ActiveCfg = Release|Any CPU
		{1DEDFE3F-9A01-8710-2BC6-9DD4850011CD}.Release|Any CPU.Build.0 = Release|Any CPU
		{91D5CC80-698A-5242-B8CE-0B994D64AE0D}.Debug|Any CPU.ActiveCfg = Debug|Any CPU
		{91D5CC80-698A-5242-B8CE-0B994D64AE0D}.Debug|Any CPU.Build.0 = Debug|Any CPU
		{91D5CC80-698A-5242-B8CE-0B994D64AE0D}.Release|Any CPU.ActiveCfg = Release|Any CPU
		{91D5CC80-698A-5242-B8CE-0B994D64AE0D}.Release|Any CPU.Build.0 = Release|Any CPU
		{06303C3F-22C0-01C8-1938-CB97566A92A5}.Debug|Any CPU.ActiveCfg = Debug|Any CPU
		{06303C3F-22C0-01C8-1938-CB97566A92A5}.Debug|Any CPU.Build.0 = Debug|Any CPU
		{06303C3F-22C0-01C8-1938-CB97566A92A5}.Release|Any CPU.ActiveCfg = Release|Any CPU
		{06303C3F-22C0-01C8-1938-CB97566A92A5}.Release|Any CPU.Build.0 = Release|Any CPU
		{EF060EDC-8911-90C1-6F13-6B84B10B3247}.Debug|Any CPU.ActiveCfg = Debug|Any CPU
		{EF060EDC-8911-90C1-6F13-6B84B10B3247}.Debug|Any CPU.Build.0 = Debug|Any CPU
		{EF060EDC-8911-90C1-6F13-6B84B10B3247}.Release|Any CPU.ActiveCfg = Release|Any CPU
		{EF060EDC-8911-90C1-6F13-6B84B10B3247}.Release|Any CPU.Build.0 = Release|Any CPU
		{4B6E2BCC-27A4-67D7-E041-E17B6A77F770}.Debug|Any CPU.ActiveCfg = Debug|Any CPU
		{4B6E2BCC-27A4-67D7-E041-E17B6A77F770}.Debug|Any CPU.Build.0 = Debug|Any CPU
		{4B6E2BCC-27A4-67D7-E041-E17B6A77F770}.Release|Any CPU.ActiveCfg = Release|Any CPU
		{4B6E2BCC-27A4-67D7-E041-E17B6A77F770}.Release|Any CPU.Build.0 = Release|Any CPU
		{96932CF8-E79A-69EC-8BC4-3204A8F63C05}.Debug|Any CPU.ActiveCfg = Debug|Any CPU
		{96932CF8-E79A-69EC-8BC4-3204A8F63C05}.Debug|Any CPU.Build.0 = Debug|Any CPU
		{96932CF8-E79A-69EC-8BC4-3204A8F63C05}.Release|Any CPU.ActiveCfg = Release|Any CPU
		{96932CF8-E79A-69EC-8BC4-3204A8F63C05}.Release|Any CPU.Build.0 = Release|Any CPU
		{EC3675E4-5EBB-4266-E2C5-E699AE82D40D}.Debug|Any CPU.ActiveCfg = Debug|Any CPU
		{EC3675E4-5EBB-4266-E2C5-E699AE82D40D}.Debug|Any CPU.Build.0 = Debug|Any CPU
		{EC3675E4-5EBB-4266-E2C5-E699AE82D40D}.Release|Any CPU.ActiveCfg = Release|Any CPU
		{EC3675E4-5EBB-4266-E2C5-E699AE82D40D}.Release|Any CPU.Build.0 = Release|Any CPU
		{77EB2C79-4C8C-30F1-6A43-D2F2E63E72A3}.Debug|Any CPU.ActiveCfg = Debug|Any CPU
		{77EB2C79-4C8C-30F1-6A43-D2F2E63E72A3}.Debug|Any CPU.Build.0 = Debug|Any CPU
		{77EB2C79-4C8C-30F1-6A43-D2F2E63E72A3}.Release|Any CPU.ActiveCfg = Release|Any CPU
		{77EB2C79-4C8C-30F1-6A43-D2F2E63E72A3}.Release|Any CPU.Build.0 = Release|Any CPU
		{E7F8A451-54D7-81DB-3A38-CCA802CD654C}.Debug|Any CPU.ActiveCfg = Debug|Any CPU
		{E7F8A451-54D7-81DB-3A38-CCA802CD654C}.Debug|Any CPU.Build.0 = Debug|Any CPU
		{E7F8A451-54D7-81DB-3A38-CCA802CD654C}.Release|Any CPU.ActiveCfg = Release|Any CPU
		{E7F8A451-54D7-81DB-3A38-CCA802CD654C}.Release|Any CPU.Build.0 = Release|Any CPU
		{A3B46301-F056-743E-914F-6263A44E0EAE}.Debug|Any CPU.ActiveCfg = Debug|Any CPU
		{A3B46301-F056-743E-914F-6263A44E0EAE}.Debug|Any CPU.Build.0 = Debug|Any CPU
		{A3B46301-F056-743E-914F-6263A44E0EAE}.Release|Any CPU.ActiveCfg = Release|Any CPU
		{A3B46301-F056-743E-914F-6263A44E0EAE}.Release|Any CPU.Build.0 = Release|Any CPU
		{A72EB84B-98A8-BDA9-2CC5-26BCF2333BF5}.Debug|Any CPU.ActiveCfg = Debug|Any CPU
		{A72EB84B-98A8-BDA9-2CC5-26BCF2333BF5}.Debug|Any CPU.Build.0 = Debug|Any CPU
		{A72EB84B-98A8-BDA9-2CC5-26BCF2333BF5}.Release|Any CPU.ActiveCfg = Release|Any CPU
		{A72EB84B-98A8-BDA9-2CC5-26BCF2333BF5}.Release|Any CPU.Build.0 = Release|Any CPU
	EndGlobalSection
	GlobalSection(SolutionProperties) = preSolution
		HideSolutionNode = FALSE
	EndGlobalSection
EndGlobal
